
Microsoft Visual Studio Solution File, Format Version 12.00
# Visual Studio Version 17
VisualStudioVersion = 17.4.33213.308
MinimumVisualStudioVersion = 10.0.40219.1
Project("{FAE04EC0-301F-11D3-BF4B-00C04F79EFBC}") = "H_W5", "H_W5\H_W5.csproj", "{98A88237-24C7-4615-934F-CF4932F718CB}"
EndProject
Global
	GlobalSection(SolutionConfigurationPlatforms) = preSolution
		Debug|Any CPU = Debug|Any CPU
		Release|Any CPU = Release|Any CPU
	EndGlobalSection
	GlobalSection(ProjectConfigurationPlatforms) = postSolution
		{98A88237-24C7-4615-934F-CF4932F718CB}.Debug|Any CPU.ActiveCfg = Debug|Any CPU
		{98A88237-24C7-4615-934F-CF4932F718CB}.Debug|Any CPU.Build.0 = Debug|Any CPU
		{98A88237-24C7-4615-934F-CF4932F718CB}.Release|Any CPU.ActiveCfg = Release|Any CPU
		{98A88237-24C7-4615-934F-CF4932F718CB}.Release|Any CPU.Build.0 = Release|Any CPU
	EndGlobalSection
	GlobalSection(SolutionProperties) = preSolution
		HideSolutionNode = FALSE
	EndGlobalSection
	GlobalSection(ExtensibilityGlobals) = postSolution
		SolutionGuid = {81EF3C4A-483F-4591-B641-10FC05D17DEB}
	EndGlobalSection
EndGlobal
